hash: 9c4a7f399e81ca9ffdbaf82626bea9668eb3c8d025b63110c39088640f9f4b7f
updated: 2017-01-31T11:53:43.259825623-05:00
imports:
- name: github.com/cloud-ca/go-cloudca
  version: b779732add4beed628e242c9897bb2d165b4e1df
  subpackages:
  - api
  - configuration
  - services
  - services/cloudca
- name: github.com/docker/docker
  version: a8a31eff10544860d2188dddabdee4d727545796
  subpackages:
  - pkg/term
- name: github.com/docker/machine
  version: 15fd4c70403bab784d91031af02d9e169ce66412
  subpackages:
  - libmachine/drivers
  - libmachine/drivers/plugin
  - libmachine/drivers/plugin/localbinary
  - libmachine/drivers/rpc
  - libmachine/log
  - libmachine/mcnflag
  - libmachine/mcnutils
  - libmachine/ssh
  - libmachine/state
  - libmachine/version
  - version
- name: github.com/mitchellh/gox
  version: 54b619477e8932bbb6314644c867e7e6db7a9c71
- name: golang.org/x/crypto
  version: beef0f4390813b96e8e68fd78570396d0f4751fc
  subpackages:
  - curve25519
  - ssh
  - ssh/terminal
testImports: []
