hash: e6b7f090140e81c7f6928331734c4dff8a3b3c3287f2f7973fab6f4eae92631c
updated: 2018-04-02T08:57:37.070483-07:00
imports:
- name: github.com/cloud-ca/go-cloudca
  version: 21039f5a4375cdebddde9c7a0121ca6b5f56babb
  subpackages:
  - api
  - configuration
  - services
  - services/cloudca
- name: github.com/docker/docker
  version: a8a31eff10544860d2188dddabdee4d727545796
  subpackages:
  - pkg/term
- name: github.com/docker/machine
  version: 15fd4c70403bab784d91031af02d9e169ce66412
  subpackages:
  - libmachine/drivers
  - libmachine/drivers/plugin
  - libmachine/drivers/plugin/localbinary
  - libmachine/drivers/rpc
  - libmachine/log
  - libmachine/mcnflag
  - libmachine/mcnutils
  - libmachine/ssh
  - libmachine/state
  - libmachine/version
  - version
- name: github.com/mitchellh/gox
  version: c9740af9c6574448fd48eb30a71f964014c7a837
- name: golang.org/x/crypto
  version: beef0f4390813b96e8e68fd78570396d0f4751fc
  subpackages:
  - curve25519
  - ssh
  - ssh/terminal
testImports: []
